
Microsoft Visual Studio Solution File, Format Version 12.00
# Visual Studio 14
VisualStudioVersion = 14.0.23107.0
MinimumVisualStudioVersion = 10.0.40219.1
Project("{FAE04EC0-301F-11D3-BF4B-00C04F79EFBC}") = "EJ02", "EJ02\EJ02.csproj", "{EBD603E7-9B9F-429A-B096-A6B8F4D2CD6A}"
EndProject
Project("{FAE04EC0-301F-11D3-BF4B-00C04F79EFBC}") = "EJ01", "EJ01\EJ01.csproj", "{F8A24894-2646-485C-A47B-C523C7A8B907}"
EndProject
Project("{FAE04EC0-301F-11D3-BF4B-00C04F79EFBC}") = "EJ03", "EJ03\EJ03.csproj", "{3E4EA417-C08D-411D-B923-71181CDADA84}"
EndProject
Project("{FAE04EC0-301F-11D3-BF4B-00C04F79EFBC}") = "EJ04", "EJ04\EJ04.csproj", "{74086D66-A66D-4611-A9E9-2D9ECDDBB0BF}"
EndProject
Project("{FAE04EC0-301F-11D3-BF4B-00C04F79EFBC}") = "EJ05", "EJ05\EJ05.csproj", "{BB444788-0482-4B62-852E-BF11A1E6BE16}"
EndProject
Project("{FAE04EC0-301F-11D3-BF4B-00C04F79EFBC}") = "EJ05.Test", "EJ05.Test\EJ05.Test.csproj", "{B9D5B778-853D-457B-AB30-AE0634919D73}"
EndProject
Project("{FAE04EC0-301F-11D3-BF4B-00C04F79EFBC}") = "EJ06", "EJ06\EJ06.csproj", "{8DA120B4-A4D8-4003-BFF1-C0D659C34A95}"
EndProject
Project("{FAE04EC0-301F-11D3-BF4B-00C04F79EFBC}") = "EJ07.Test", "EJ07.Test\EJ07.Test.csproj", "{CC926995-820F-4801-9AE0-AD1B73E59EC4}"
EndProject
Project("{FAE04EC0-301F-11D3-BF4B-00C04F79EFBC}") = "EJ07", "EJ07\EJ07.csproj", "{578B6F5D-7023-4F13-AD26-90D620B87D3C}"
EndProject
Project("{FAE04EC0-301F-11D3-BF4B-00C04F79EFBC}") = "EJ02.Test", "EJ02.Test\EJ02.Test.csproj", "{4A271592-53F1-4895-A527-3F62BD180348}"
EndProject
Project("{FAE04EC0-301F-11D3-BF4B-00C04F79EFBC}") = "EJ06.Test", "EJ06.Test\EJ06.Test.csproj", "{1DF83326-24C0-4A5A-8A2D-3A14F88E17DD}"
EndProject
Project("{FAE04EC0-301F-11D3-BF4B-00C04F79EFBC}") = "EJ04.Test", "UnitTestProject1\EJ04.Test.csproj", "{C64C6FCE-8E06-4088-830B-8721FD2EEB03}"
EndProject
Global
	GlobalSection(SolutionConfigurationPlatforms) = preSolution
		Debug|Any CPU = Debug|Any CPU
		Release|Any CPU = Release|Any CPU
	EndGlobalSection
	GlobalSection(ProjectConfigurationPlatforms) = postSolution
		{EBD603E7-9B9F-429A-B096-A6B8F4D2CD6A}.Debug|Any CPU.ActiveCfg = Debug|Any CPU
		{EBD603E7-9B9F-429A-B096-A6B8F4D2CD6A}.Debug|Any CPU.Build.0 = Debug|Any CPU
		{EBD603E7-9B9F-429A-B096-A6B8F4D2CD6A}.Release|Any CPU.ActiveCfg = Release|Any CPU
		{EBD603E7-9B9F-429A-B096-A6B8F4D2CD6A}.Release|Any CPU.Build.0 = Release|Any CPU
		{F8A24894-2646-485C-A47B-C523C7A8B907}.Debug|Any CPU.ActiveCfg = Debug|Any CPU
		{F8A24894-2646-485C-A47B-C523C7A8B907}.Debug|Any CPU.Build.0 = Debug|Any CPU
		{F8A24894-2646-485C-A47B-C523C7A8B907}.Release|Any CPU.ActiveCfg = Release|Any CPU
		{F8A24894-2646-485C-A47B-C523C7A8B907}.Release|Any CPU.Build.0 = Release|Any CPU
		{3E4EA417-C08D-411D-B923-71181CDADA84}.Debug|Any CPU.ActiveCfg = Debug|Any CPU
		{3E4EA417-C08D-411D-B923-71181CDADA84}.Debug|Any CPU.Build.0 = Debug|Any CPU
		{3E4EA417-C08D-411D-B923-71181CDADA84}.Release|Any CPU.ActiveCfg = Release|Any CPU
		{3E4EA417-C08D-411D-B923-71181CDADA84}.Release|Any CPU.Build.0 = Release|Any CPU
		{74086D66-A66D-4611-A9E9-2D9ECDDBB0BF}.Debug|Any CPU.ActiveCfg = Debug|Any CPU
		{74086D66-A66D-4611-A9E9-2D9ECDDBB0BF}.Debug|Any CPU.Build.0 = Debug|Any CPU
		{74086D66-A66D-4611-A9E9-2D9ECDDBB0BF}.Release|Any CPU.ActiveCfg = Release|Any CPU
		{74086D66-A66D-4611-A9E9-2D9ECDDBB0BF}.Release|Any CPU.Build.0 = Release|Any CPU
		{BB444788-0482-4B62-852E-BF11A1E6BE16}.Debug|Any CPU.ActiveCfg = Debug|Any CPU
		{BB444788-0482-4B62-852E-BF11A1E6BE16}.Debug|Any CPU.Build.0 = Debug|Any CPU
		{BB444788-0482-4B62-852E-BF11A1E6BE16}.Release|Any CPU.ActiveCfg = Release|Any CPU
		{BB444788-0482-4B62-852E-BF11A1E6BE16}.Release|Any CPU.Build.0 = Release|Any CPU
		{B9D5B778-853D-457B-AB30-AE0634919D73}.Debug|Any CPU.ActiveCfg = Debug|Any CPU
		{B9D5B778-853D-457B-AB30-AE0634919D73}.Debug|Any CPU.Build.0 = Debug|Any CPU
		{B9D5B778-853D-457B-AB30-AE0634919D73}.Release|Any CPU.ActiveCfg = Release|Any CPU
		{B9D5B778-853D-457B-AB30-AE0634919D73}.Release|Any CPU.Build.0 = Release|Any CPU
		{8DA120B4-A4D8-4003-BFF1-C0D659C34A95}.Debug|Any CPU.ActiveCfg = Debug|Any CPU
		{8DA120B4-A4D8-4003-BFF1-C0D659C34A95}.Debug|Any CPU.Build.0 = Debug|Any CPU
		{8DA120B4-A4D8-4003-BFF1-C0D659C34A95}.Release|Any CPU.ActiveCfg = Release|Any CPU
		{8DA120B4-A4D8-4003-BFF1-C0D659C34A95}.Release|Any CPU.Build.0 = Release|Any CPU
		{CC926995-820F-4801-9AE0-AD1B73E59EC4}.Debug|Any CPU.ActiveCfg = Debug|Any CPU
		{CC926995-820F-4801-9AE0-AD1B73E59EC4}.Debug|Any CPU.Build.0 = Debug|Any CPU
		{CC926995-820F-4801-9AE0-AD1B73E59EC4}.Release|Any CPU.ActiveCfg = Release|Any CPU
		{CC926995-820F-4801-9AE0-AD1B73E59EC4}.Release|Any CPU.Build.0 = Release|Any CPU
		{578B6F5D-7023-4F13-AD26-90D620B87D3C}.Debug|Any CPU.ActiveCfg = Debug|Any CPU
		{578B6F5D-7023-4F13-AD26-90D620B87D3C}.Debug|Any CPU.Build.0 = Debug|Any CPU
		{578B6F5D-7023-4F13-AD26-90D620B87D3C}.Release|Any CPU.ActiveCfg = Release|Any CPU
		{578B6F5D-7023-4F13-AD26-90D620B87D3C}.Release|Any CPU.Build.0 = Release|Any CPU
		{4A271592-53F1-4895-A527-3F62BD180348}.Debug|Any CPU.ActiveCfg = Debug|Any CPU
		{4A271592-53F1-4895-A527-3F62BD180348}.Debug|Any CPU.Build.0 = Debug|Any CPU
		{4A271592-53F1-4895-A527-3F62BD180348}.Release|Any CPU.ActiveCfg = Release|Any CPU
		{4A271592-53F1-4895-A527-3F62BD180348}.Release|Any CPU.Build.0 = Release|Any CPU
		{1DF83326-24C0-4A5A-8A2D-3A14F88E17DD}.Debug|Any CPU.ActiveCfg = Debug|Any CPU
		{1DF83326-24C0-4A5A-8A2D-3A14F88E17DD}.Debug|Any CPU.Build.0 = Debug|Any CPU
		{1DF83326-24C0-4A5A-8A2D-3A14F88E17DD}.Release|Any CPU.ActiveCfg = Release|Any CPU
		{1DF83326-24C0-4A5A-8A2D-3A14F88E17DD}.Release|Any CPU.Build.0 = Release|Any CPU
		{C64C6FCE-8E06-4088-830B-8721FD2EEB03}.Debug|Any CPU.ActiveCfg = Debug|Any CPU
		{C64C6FCE-8E06-4088-830B-8721FD2EEB03}.Debug|Any CPU.Build.0 = Debug|Any CPU
		{C64C6FCE-8E06-4088-830B-8721FD2EEB03}.Release|Any CPU.ActiveCfg = Release|Any CPU
		{C64C6FCE-8E06-4088-830B-8721FD2EEB03}.Release|Any CPU.Build.0 = Release|Any CPU
	EndGlobalSection
	GlobalSection(SolutionProperties) = preSolution
		HideSolutionNode = FALSE
	EndGlobalSection
EndGlobal
